version = 1
revision = 3
requires-python = ">=3.9"

[[package]]
name = "asyncio"
version = "4.0.0"
source = { registry = "https://pypi.org/simple" }
sdist = { url = "https://files.pythonhosted.org/packages/71/ea/26c489a11f7ca862d5705db67683a7361ce11c23a7b98fc6c2deaeccede2/asyncio-4.0.0.tar.gz", hash = "sha256:570cd9e50db83bc1629152d4d0b7558d6451bb1bfd5dfc2e935d96fc2f40329b", size = 5371, upload-time = "2025-08-05T02:51:46.605Z" }
wheels = [
    { url = "https://files.pythonhosted.org/packages/57/64/eff2564783bd650ca25e15938d1c5b459cda997574a510f7de69688cb0b4/asyncio-4.0.0-py3-none-any.whl", hash = "sha256:c1eddb0659231837046809e68103969b2bef8b0400d59cfa6363f6b5ed8cc88b", size = 5555, upload-time = "2025-08-05T02:51:45.767Z" },
]

[[package]]
name = "deps"
version = "0.1.0"
source = { git = "https://github.com/grida-energy/deps.git?rev=v0.0.1c#a64d2b5b0ca16a312f49122efbf6b80f6b55f08d" }
dependencies = [
    { name = "protobuf" },
]

[[package]]
name = "deps-python-example"
version = "0.1.0"
source = { virtual = "." }
dependencies = [
    { name = "asyncio" },
    { name = "deps" },
    { name = "mypy-protobuf" },
    { name = "paho-mqtt" },
    { name = "protobuf" },
    { name = "python-dotenv" },
]

[package.metadata]
requires-dist = [
    { name = "asyncio", specifier = ">=3.4.3" },
    { name = "deps", git = "https://github.com/grida-energy/deps.git?rev=v0.0.1c" },
    { name = "mypy-protobuf", specifier = ">=3.6.0" },
    { name = "paho-mqtt", specifier = ">=1.5.1" },
    { name = "protobuf", specifier = ">=6.32.1" },
    { name = "python-dotenv", specifier = ">=1.1.1" },
]

[[package]]
name = "mypy-protobuf"
version = "3.6.0"
source = { registry = "https://pypi.org/simple" }
dependencies = [
    { name = "protobuf" },
    { name = "types-protobuf" },
]
sdist = { url = "https://files.pythonhosted.org/packages/4d/6f/282d64d66bf48ce60e38a6560753f784e0f88ab245ac2fb5e93f701a36cd/mypy-protobuf-3.6.0.tar.gz", hash = "sha256:02f242eb3409f66889f2b1a3aa58356ec4d909cdd0f93115622e9e70366eca3c", size = 24445, upload-time = "2024-04-01T20:24:42.837Z" }
wheels = [
    { url = "https://files.pythonhosted.org/packages/e8/73/d6b999782ae22f16971cc05378b3b33f6a89ede3b9619e8366aa23484bca/mypy_protobuf-3.6.0-py3-none-any.whl", hash = "sha256:56176e4d569070e7350ea620262478b49b7efceba4103d468448f1d21492fd6c", size = 16434, upload-time = "2024-04-01T20:24:40.583Z" },
]

[[package]]
name = "paho-mqtt"
version = "2.1.0"
source = { registry = "https://pypi.org/simple" }
sdist = { url = "https://files.pythonhosted.org/packages/39/15/0a6214e76d4d32e7f663b109cf71fb22561c2be0f701d67f93950cd40542/paho_mqtt-2.1.0.tar.gz", hash = "sha256:12d6e7511d4137555a3f6ea167ae846af2c7357b10bc6fa4f7c3968fc1723834", size = 148848, upload-time = "2024-04-29T19:52:55.591Z" }
wheels = [
    { url = "https://files.pythonhosted.org/packages/c4/cb/00451c3cf31790287768bb12c6bec834f5d292eaf3022afc88e14b8afc94/paho_mqtt-2.1.0-py3-none-any.whl", hash = "sha256:6db9ba9b34ed5bc6b6e3812718c7e06e2fd7444540df2455d2c51bd58808feee", size = 67219, upload-time = "2024-04-29T19:52:48.345Z" },
]

[[package]]
name = "protobuf"
version = "6.32.1"
source = { registry = "https://pypi.org/simple" }
sdist = { url = "https://files.pythonhosted.org/packages/fa/a4/cc17347aa2897568beece2e674674359f911d6fe21b0b8d6268cd42727ac/protobuf-6.32.1.tar.gz", hash = "sha256:ee2469e4a021474ab9baafea6cd070e5bf27c7d29433504ddea1a4ee5850f68d", size = 440635, upload-time = "2025-09-11T21:38:42.935Z" }
wheels = [
    { url = "https://files.pythonhosted.org/packages/c0/98/645183ea03ab3995d29086b8bf4f7562ebd3d10c9a4b14ee3f20d47cfe50/protobuf-6.32.1-cp310-abi3-win32.whl", hash = "sha256:a8a32a84bc9f2aad712041b8b366190f71dde248926da517bde9e832e4412085", size = 424411, upload-time = "2025-09-11T21:38:27.427Z" },
    { url = "https://files.pythonhosted.org/packages/8c/f3/6f58f841f6ebafe076cebeae33fc336e900619d34b1c93e4b5c97a81fdfa/protobuf-6.32.1-cp310-abi3-win_amd64.whl", hash = "sha256:b00a7d8c25fa471f16bc8153d0e53d6c9e827f0953f3c09aaa4331c718cae5e1", size = 435738, upload-time = "2025-09-11T21:38:30.959Z" },
    { url = "https://files.pythonhosted.org/packages/10/56/a8a3f4e7190837139e68c7002ec749190a163af3e330f65d90309145a210/protobuf-6.32.1-cp39-abi3-macosx_10_9_universal2.whl", hash = "sha256:d8c7e6eb619ffdf105ee4ab76af5a68b60a9d0f66da3ea12d1640e6d8dab7281", size = 426454, upload-time = "2025-09-11T21:38:34.076Z" },
    { url = "https://files.pythonhosted.org/packages/3f/be/8dd0a927c559b37d7a6c8ab79034fd167dcc1f851595f2e641ad62be8643/protobuf-6.32.1-cp39-abi3-manylinux2014_aarch64.whl", hash = "sha256:2f5b80a49e1eb7b86d85fcd23fe92df154b9730a725c3b38c4e43b9d77018bf4", size = 322874, upload-time = "2025-09-11T21:38:35.509Z" },
    { url = "https://files.pythonhosted.org/packages/5c/f6/88d77011b605ef979aace37b7703e4eefad066f7e84d935e5a696515c2dd/protobuf-6.32.1-cp39-abi3-manylinux2014_x86_64.whl", hash = "sha256:b1864818300c297265c83a4982fd3169f97122c299f56a56e2445c3698d34710", size = 322013, upload-time = "2025-09-11T21:38:37.017Z" },
    { url = "https://files.pythonhosted.org/packages/05/9d/d6f1a8b6657296920c58f6b85f7bca55fa27e3ca7fc5914604d89cd0250b/protobuf-6.32.1-cp39-cp39-win32.whl", hash = "sha256:68ff170bac18c8178f130d1ccb94700cf72852298e016a2443bdb9502279e5f1", size = 424505, upload-time = "2025-09-11T21:38:38.415Z" },
    { url = "https://files.pythonhosted.org/packages/ed/cd/891bd2d23558f52392a5687b2406a741e2e28d629524c88aade457029acd/protobuf-6.32.1-cp39-cp39-win_amd64.whl", hash = "sha256:d0975d0b2f3e6957111aa3935d08a0eb7e006b1505d825f862a1fffc8348e122", size = 435825, upload-time = "2025-09-11T21:38:39.773Z" },
    { url = "https://files.pythonhosted.org/packages/97/b7/15cc7d93443d6c6a84626ae3258a91f4c6ac8c0edd5df35ea7658f71b79c/protobuf-6.32.1-py3-none-any.whl", hash = "sha256:2601b779fc7d32a866c6b4404f9d42a3f67c5b9f3f15b4db3cccabe06b95c346", size = 169289, upload-time = "2025-09-11T21:38:41.234Z" },
]

[[package]]
name = "python-dotenv"
version = "1.1.1"
source = { registry = "https://pypi.org/simple" }
sdist = { url = "https://files.pythonhosted.org/packages/f6/b0/4bc07ccd3572a2f9df7e6782f52b0c6c90dcbb803ac4a167702d7d0dfe1e/python_dotenv-1.1.1.tar.gz", hash = "sha256:a8a6399716257f45be6a007360200409fce5cda2661e3dec71d23dc15f6189ab", size = 41978, upload-time = "2025-06-24T04:21:07.341Z" }
wheels = [
    { url = "https://files.pythonhosted.org/packages/5f/ed/539768cf28c661b5b068d66d96a2f155c4971a5d55684a514c1a0e0dec2f/python_dotenv-1.1.1-py3-none-any.whl", hash = "sha256:31f23644fe2602f88ff55e1f5c79ba497e01224ee7737937930c448e4d0e24dc", size = 20556, upload-time = "2025-06-24T04:21:06.073Z" },
]

[[package]]
name = "types-protobuf"
version = "6.30.2.20250822"
source = { registry = "https://pypi.org/simple" }
sdist = { url = "https://files.pythonhosted.org/packages/61/68/0c7144be5c6dc16538e79458839fc914ea494481c7e64566de4ecc0c3682/types_protobuf-6.30.2.20250822.tar.gz", hash = "sha256:faacbbe87bd8cba4472361c0bd86f49296bd36f7761e25d8ada4f64767c1bde9", size = 62379, upload-time = "2025-08-22T03:01:56.572Z" }
wheels = [
    { url = "https://files.pythonhosted.org/packages/52/64/b926a6355993f712d7828772e42b9ae942f2d306d25072329805c374e729/types_protobuf-6.30.2.20250822-py3-none-any.whl", hash = "sha256:5584c39f7e36104b5f8bdfd31815fa1d5b7b3455a79ddddc097b62320f4b1841", size = 76523, upload-time = "2025-08-22T03:01:55.157Z" },
]
